
Microsoft Visual Studio Solution File, Format Version 12.00
# Visual Studio Version 17
VisualStudioVersion = 17.14.37614.0 d17.14
MinimumVisualStudioVersion = 10.0.40219.1
Project("{FAE04EC0-301F-11D3-BF4B-00C04F79EFBC}") = "Ceasar", "Ceasar\Ceasar.csproj", "{529FF563-C723-4D1E-916F-2861C4E7F2EB}"
EndProject
Global
	GlobalSection(SolutionConfigurationPlatforms) = preSolution
		Debug|Any CPU = Debug|Any CPU
		Release|Any CPU = Release|Any CPU
	EndGlobalSection
	GlobalSection(ProjectConfigurationPlatforms) = postSolution
		{529FF563-C723-4D1E-916F-2861C4E7F2EB}.Debug|Any CPU.ActiveCfg = Debug|Any CPU
		{529FF563-C723-4D1E-916F-2861C4E7F2EB}.Debug|Any CPU.Build.0 = Debug|Any CPU
		{529FF563-C723-4D1E-916F-2861C4E7F2EB}.Release|Any CPU.ActiveCfg = Release|Any CPU
		{529FF563-C723-4D1E-916F-2861C4E7F2EB}.Release|Any CPU.Build.0 = Release|Any CPU
	EndGlobalSection
	GlobalSection(SolutionProperties) = preSolution
		HideSolutionNode = FALSE
	EndGlobalSection
	GlobalSection(ExtensibilityGlobals) = postSolution
		SolutionGuid = {6B45EB42-BB95-4FE7-85C4-D8C19DD1EEEC}
	EndGlobalSection
EndGlobal
