
Microsoft Visual Studio Solution File, Format Version 12.00
# Visual Studio Version 17
VisualStudioVersion = 17.14.37614.0 d17.14
MinimumVisualStudioVersion = 10.0.40219.1
Project("{FAE04EC0-301F-11D3-BF4B-00C04F79EFBC}") = "Exercice1", "Exercice1\Exercice1.csproj", "{B96BA86F-A3CB-43F4-8EB6-74AE9FEE7F83}"
EndProject
Global
	GlobalSection(SolutionConfigurationPlatforms) = preSolution
		Debug|Any CPU = Debug|Any CPU
		Release|Any CPU = Release|Any CPU
	EndGlobalSection
	GlobalSection(ProjectConfigurationPlatforms) = postSolution
		{B96BA86F-A3CB-43F4-8EB6-74AE9FEE7F83}.Debug|Any CPU.ActiveCfg = Debug|Any CPU
		{B96BA86F-A3CB-43F4-8EB6-74AE9FEE7F83}.Debug|Any CPU.Build.0 = Debug|Any CPU
		{B96BA86F-A3CB-43F4-8EB6-74AE9FEE7F83}.Release|Any CPU.ActiveCfg = Release|Any CPU
		{B96BA86F-A3CB-43F4-8EB6-74AE9FEE7F83}.Release|Any CPU.Build.0 = Release|Any CPU
	EndGlobalSection
	GlobalSection(SolutionProperties) = preSolution
		HideSolutionNode = FALSE
	EndGlobalSection
	GlobalSection(ExtensibilityGlobals) = postSolution
		SolutionGuid = {C9E47EE8-4318-424E-B8DF-899EB86E9493}
	EndGlobalSection
EndGlobal
