
Microsoft Visual Studio Solution File, Format Version 12.00
# Visual Studio Version 17
VisualStudioVersion = 17.14.37614.0 d17.14
MinimumVisualStudioVersion = 10.0.40219.1
Project("{FAE04EC0-301F-11D3-BF4B-00C04F79EFBC}") = "Exercice3", "Exercice3\Exercice3.csproj", "{A055F3DB-1549-4155-AB4E-97ACC927A941}"
EndProject
Global
	GlobalSection(SolutionConfigurationPlatforms) = preSolution
		Debug|Any CPU = Debug|Any CPU
		Release|Any CPU = Release|Any CPU
	EndGlobalSection
	GlobalSection(ProjectConfigurationPlatforms) = postSolution
		{A055F3DB-1549-4155-AB4E-97ACC927A941}.Debug|Any CPU.ActiveCfg = Debug|Any CPU
		{A055F3DB-1549-4155-AB4E-97ACC927A941}.Debug|Any CPU.Build.0 = Debug|Any CPU
		{A055F3DB-1549-4155-AB4E-97ACC927A941}.Release|Any CPU.ActiveCfg = Release|Any CPU
		{A055F3DB-1549-4155-AB4E-97ACC927A941}.Release|Any CPU.Build.0 = Release|Any CPU
	EndGlobalSection
	GlobalSection(SolutionProperties) = preSolution
		HideSolutionNode = FALSE
	EndGlobalSection
	GlobalSection(ExtensibilityGlobals) = postSolution
		SolutionGuid = {CCE99F79-0ECE-43D0-9513-0883768A02C8}
	EndGlobalSection
EndGlobal
